github.com/davecgh/go-spew v1.1.1 h1:vj9j/u1bqnvCEfJOwUhtlOARqs3+rkHYY13jYWTU97c=
github.com/davecgh/go-spew v1.1.1/go.mod h1:J7Y8YcW2NihsgmVo/mv3lAwl/skON4iLHjSsI+c5H38=
github.com/dio/jisr v0.9.0 h1:wknfdYz0ls18XIoYe++y8lIpxMXebcEYVjo4bAXo/Pg=
github.com/dio/jisr v0.9.0/go.mod h1:5awJKg2wlXz5P3QR1qQwh3VoWPdX1s88dk38UAYIko8=
github.com/dio/jisr/prof v0.2.0 h1:EFsjaSxfu1vwTj4sQnMTkCZERZnBjDxaCThYYUXfx+A=
github.com/dio/jisr/prof v0.2.0/go.mod h1:aToN9ZVzzDXdSzN3uONFsnLfLS3CCDs5tGnfZhpBPvQ=
github.com/dio/jisr/server v0.6.0 h1:KZ4hxGr0HCrYsHejEkQUz94NP2ylkEfJprPZjtgtnR0=
github.com/dio/jisr/server v0.6.0/go.mod h1:TkFkUf+AtBwvEs/ZBVDhjzNVtS+BEosX+9/dv6SDsb4=
github.com/envoyproxy/envoy/source/extensions/dynamic_modules v0.0.0-20260311012303-5ef4e4cea57f h1:rpisTDZaajAZI42Mz+y0MvyG2b1MV1UWd4PZyu0VatY=
github.com/envoyproxy/envoy/source/extensions/dynamic_modules v0.0.0-20260311012303-5ef4e4cea57f/go.mod h1:NpQosaDAX20s0ak0o/4b5dLOdvkbk15XqoakhSNX1Gg=
github.com/pmezard/go-difflib v1.0.0 h1:4DBwDE0NGyQoBHbLQYPwSUPoCMWR5BEzIk/f1lZbAQM=
github.com/pmezard/go-difflib v1.0.0/go.mod h1:iKH77koFhYxTK1pcRnkKkqfTogsbg7gZNVY4sRDYZ/4=
github.com/stretchr/testify v1.11.1 h1:7s2iGBzp5EwR7/aIZr8ao5+dra3wiQyKjjFuvgVKu7U=
github.com/stretchr/testify v1.11.1/go.mod h1:wZwfW3scLgRK+23gO65QZefKpKQRnfz6sD981Nm4B6U=
gopkg.in/yaml.v3 v3.0.1 h1:fxVm/GzAzEWqLHuvctI91KS9hhNmmWOoWu0XTYJS7CA=
gopkg.in/yaml.v3 v3.0.1/go.mod h1:K4uyk7z7BCEPqu6E+C64Yfv1cQ7kz7rIZviUmN+EgEM=
