github.com/davecgh/go-spew v1.1.1 h1:vj9j/u1bqnvCEfJOwUhtlOARqs3+rkHYY13jYWTU97c=
github.com/davecgh/go-spew v1.1.1/go.mod h1:J7Y8YcW2NihsgmVo/mv3lAwl/skON4iLHjSsI+c5H38=
github.com/dio/jisr v0.6.0 h1:LYafeZV4DvqPCRJEa+gPG8kzGLvZygqDGB3q0H6E3qE=
github.com/dio/jisr v0.6.0/go.mod h1:3MnC7HDgyUCL3vfC8nLUNeGelsaFphJu6ShzB+SNuiY=
github.com/dio/jisr/buffer v0.1.0 h1:xgMlajqXO7J4fsEe446YZyVMnLLm0k07NnHrY4lSONc=
github.com/dio/jisr/buffer v0.1.0/go.mod h1:+cFw1JzWXsogyc4/ki2B+EpEVFoU7kTFOrY1o/xiGfY=
github.com/envoyproxy/envoy/source/extensions/dynamic_modules v0.0.0-20260423231439-f1dd21b16c24 h1:NM/c/D2pvvSpEqmF2p8tWnZPbeiZ1B8gS5TPH764qao=
github.com/envoyproxy/envoy/source/extensions/dynamic_modules v0.0.0-20260423231439-f1dd21b16c24/go.mod h1:NpQosaDAX20s0ak0o/4b5dLOdvkbk15XqoakhSNX1Gg=
github.com/pmezard/go-difflib v1.0.0 h1:4DBwDE0NGyQoBHbLQYPwSUPoCMWR5BEzIk/f1lZbAQM=
github.com/pmezard/go-difflib v1.0.0/go.mod h1:iKH77koFhYxTK1pcRnkKkqfTogsbg7gZNVY4sRDYZ/4=
github.com/stretchr/testify v1.10.0 h1:Xv5erBjTwe/5IxqUQTdXv5kgmIvbHo3QQyRwhJsOfJA=
github.com/stretchr/testify v1.10.0/go.mod h1:r2ic/lqez/lEtzL7wO/rwa5dbSLXVDPFyf8C91i36aY=
gopkg.in/check.v1 v0.0.0-20161208181325-20d25e280405 h1:yhCVgyC4o1eVCa2tZl7eS0r+SDo693bJlVdllGtEeKM=
gopkg.in/check.v1 v0.0.0-20161208181325-20d25e280405/go.mod h1:Co6ibVJAznAaIkqp8huTwlJQCZ016jof/cbN4VW5Yz0=
gopkg.in/yaml.v3 v3.0.1 h1:fxVm/GzAzEWqLHuvctI91KS9hhNmmWOoWu0XTYJS7CA=
gopkg.in/yaml.v3 v3.0.1/go.mod h1:K4uyk7z7BCEPqu6E+C64Yfv1cQ7kz7rIZviUmN+EgEM=
